
Microsoft Visual Studio Solution File, Format Version 12.00
# Visual Studio 15
VisualStudioVersion = 15.0.27130.2020
MinimumVisualStudioVersion = 10.0.40219.1
Project("{9A19103F-16F7-4668-BE54-9A1E7A4F7556}") = "UniversalNameGenerator", "UniversalNameGenerator\UniversalNameGenerator.csproj", "{EC60FDC4-DDB2-4C8F-A21E-61D98B6CD1DA}"
EndProject
Project("{9A19103F-16F7-4668-BE54-9A1E7A4F7556}") = "UniversalNameGenerator.BusinessLogic", "UniversalNameGenerator.BusinessLogic\UniversalNameGenerator.BusinessLogic.csproj", "{0C403B66-CA7B-4224-BD45-DDF2D227034A}"
EndProject
Project("{9A19103F-16F7-4668-BE54-9A1E7A4F7556}") = "UniversalNameGenerator.Data", "UniversalNameGenerator.Data\UniversalNameGenerator.Data.csproj", "{D306C91F-6B1C-48E2-9E55-563B308186FD}"
EndProject
Project("{9A19103F-16F7-4668-BE54-9A1E7A4F7556}") = "UniversalNameGenerator.DataAccess", "UniversalNameGenerator.DataAccess\UniversalNameGenerator.DataAccess.csproj", "{6ED6C557-FFDC-4F42-9527-259A4B94B7AF}"
EndProject
Project("{9A19103F-16F7-4668-BE54-9A1E7A4F7556}") = "UniversalNameGenerator.Models", "UniversalNameGenerator.Models\UniversalNameGenerator.Models.csproj", "{69850EC2-36CB-40D2-8E03-F0FEE0934544}"
EndProject
Project("{9A19103F-16F7-4668-BE54-9A1E7A4F7556}") = "UniversalNameGenerator.Common", "UniversalNameGenerator.Common\UniversalNameGenerator.Common.csproj", "{D57F3483-7A38-4CFB-8644-255FBDECA9C5}"
EndProject
Global
	GlobalSection(SolutionConfigurationPlatforms) = preSolution
		Debug|Any CPU = Debug|Any CPU
		Release|Any CPU = Release|Any CPU
	EndGlobalSection
	GlobalSection(ProjectConfigurationPlatforms) = postSolution
		{EC60FDC4-DDB2-4C8F-A21E-61D98B6CD1DA}.Debug|Any CPU.ActiveCfg = Debug|Any CPU
		{EC60FDC4-DDB2-4C8F-A21E-61D98B6CD1DA}.Debug|Any CPU.Build.0 = Debug|Any CPU
		{EC60FDC4-DDB2-4C8F-A21E-61D98B6CD1DA}.Release|Any CPU.ActiveCfg = Release|Any CPU
		{EC60FDC4-DDB2-4C8F-A21E-61D98B6CD1DA}.Release|Any CPU.Build.0 = Release|Any CPU
		{0C403B66-CA7B-4224-BD45-DDF2D227034A}.Debug|Any CPU.ActiveCfg = Debug|Any CPU
		{0C403B66-CA7B-4224-BD45-DDF2D227034A}.Debug|Any CPU.Build.0 = Debug|Any CPU
		{0C403B66-CA7B-4224-BD45-DDF2D227034A}.Release|Any CPU.ActiveCfg = Release|Any CPU
		{0C403B66-CA7B-4224-BD45-DDF2D227034A}.Release|Any CPU.Build.0 = Release|Any CPU
		{D306C91F-6B1C-48E2-9E55-563B308186FD}.Debug|Any CPU.ActiveCfg = Debug|Any CPU
		{D306C91F-6B1C-48E2-9E55-563B308186FD}.Debug|Any CPU.Build.0 = Debug|Any CPU
		{D306C91F-6B1C-48E2-9E55-563B308186FD}.Release|Any CPU.ActiveCfg = Release|Any CPU
		{D306C91F-6B1C-48E2-9E55-563B308186FD}.Release|Any CPU.Build.0 = Release|Any CPU
		{6ED6C557-FFDC-4F42-9527-259A4B94B7AF}.Debug|Any CPU.ActiveCfg = Debug|Any CPU
		{6ED6C557-FFDC-4F42-9527-259A4B94B7AF}.Debug|Any CPU.Build.0 = Debug|Any CPU
		{6ED6C557-FFDC-4F42-9527-259A4B94B7AF}.Release|Any CPU.ActiveCfg = Release|Any CPU
		{6ED6C557-FFDC-4F42-9527-259A4B94B7AF}.Release|Any CPU.Build.0 = Release|Any CPU
		{69850EC2-36CB-40D2-8E03-F0FEE0934544}.Debug|Any CPU.ActiveCfg = Debug|Any CPU
		{69850EC2-36CB-40D2-8E03-F0FEE0934544}.Debug|Any CPU.Build.0 = Debug|Any CPU
		{69850EC2-36CB-40D2-8E03-F0FEE0934544}.Release|Any CPU.ActiveCfg = Release|Any CPU
		{69850EC2-36CB-40D2-8E03-F0FEE0934544}.Release|Any CPU.Build.0 = Release|Any CPU
		{D57F3483-7A38-4CFB-8644-255FBDECA9C5}.Debug|Any CPU.ActiveCfg = Debug|Any CPU
		{D57F3483-7A38-4CFB-8644-255FBDECA9C5}.Debug|Any CPU.Build.0 = Debug|Any CPU
		{D57F3483-7A38-4CFB-8644-255FBDECA9C5}.Release|Any CPU.ActiveCfg = Release|Any CPU
		{D57F3483-7A38-4CFB-8644-255FBDECA9C5}.Release|Any CPU.Build.0 = Release|Any CPU
	EndGlobalSection
	GlobalSection(SolutionProperties) = preSolution
		HideSolutionNode = FALSE
	EndGlobalSection
	GlobalSection(ExtensibilityGlobals) = postSolution
		SolutionGuid = {AE357FCC-E2F0-4D35-9777-02201E9054E1}
	EndGlobalSection
EndGlobal
