
Microsoft Visual Studio Solution File, Format Version 12.00
# Visual Studio 2012
Project("{FAE04EC0-301F-11D3-BF4B-00C04F79EFBC}") = "UniversalNameGenerator", "UniversalNameGenerator\UniversalNameGenerator.csproj", "{6D5729AE-4BC4-4F97-B809-9965BFF3E99F}"
EndProject
Project("{FAE04EC0-301F-11D3-BF4B-00C04F79EFBC}") = "UniversalNameGenerator.Models", "UniversalNameGenerator.Models\UniversalNameGenerator.Models.csproj", "{01277AB4-A301-4F24-B35B-AE6713454565}"
EndProject
Project("{FAE04EC0-301F-11D3-BF4B-00C04F79EFBC}") = "UniversalNameGenerator.DataAccess", "UniversalNameGenerator.DataAccess\UniversalNameGenerator.DataAccess.csproj", "{C2B5FFB4-AED7-450B-B9EF-41C52E25AEEE}"
EndProject
Project("{FAE04EC0-301F-11D3-BF4B-00C04F79EFBC}") = "UniversalNameGenerator.Data", "UniversalNameGenerator.Data\UniversalNameGenerator.Data.csproj", "{FB162F2F-E809-491A-A0B5-4F9B2902C9BA}"
EndProject
Project("{FAE04EC0-301F-11D3-BF4B-00C04F79EFBC}") = "UniversalNameGenerator.Infrastructure", "UniversalNameGenerator.Infrastructure\UniversalNameGenerator.Infrastructure.csproj", "{93A84833-5B4B-4272-AA8A-B55D24CBEFEB}"
EndProject
Global
	GlobalSection(SolutionConfigurationPlatforms) = preSolution
		Debug|x86 = Debug|x86
		Release|x86 = Release|x86
	EndGlobalSection
	GlobalSection(ProjectConfigurationPlatforms) = postSolution
		{6D5729AE-4BC4-4F97-B809-9965BFF3E99F}.Debug|x86.ActiveCfg = Debug|x86
		{6D5729AE-4BC4-4F97-B809-9965BFF3E99F}.Debug|x86.Build.0 = Debug|x86
		{6D5729AE-4BC4-4F97-B809-9965BFF3E99F}.Release|x86.ActiveCfg = Release|x86
		{6D5729AE-4BC4-4F97-B809-9965BFF3E99F}.Release|x86.Build.0 = Release|x86
		{01277AB4-A301-4F24-B35B-AE6713454565}.Debug|x86.ActiveCfg = Debug|Any CPU
		{01277AB4-A301-4F24-B35B-AE6713454565}.Debug|x86.Build.0 = Debug|Any CPU
		{01277AB4-A301-4F24-B35B-AE6713454565}.Release|x86.ActiveCfg = Release|Any CPU
		{01277AB4-A301-4F24-B35B-AE6713454565}.Release|x86.Build.0 = Release|Any CPU
		{C2B5FFB4-AED7-450B-B9EF-41C52E25AEEE}.Debug|x86.ActiveCfg = Debug|Any CPU
		{C2B5FFB4-AED7-450B-B9EF-41C52E25AEEE}.Debug|x86.Build.0 = Debug|Any CPU
		{C2B5FFB4-AED7-450B-B9EF-41C52E25AEEE}.Release|x86.ActiveCfg = Release|Any CPU
		{C2B5FFB4-AED7-450B-B9EF-41C52E25AEEE}.Release|x86.Build.0 = Release|Any CPU
		{FB162F2F-E809-491A-A0B5-4F9B2902C9BA}.Debug|x86.ActiveCfg = Debug|Any CPU
		{FB162F2F-E809-491A-A0B5-4F9B2902C9BA}.Debug|x86.Build.0 = Debug|Any CPU
		{FB162F2F-E809-491A-A0B5-4F9B2902C9BA}.Release|x86.ActiveCfg = Release|Any CPU
		{FB162F2F-E809-491A-A0B5-4F9B2902C9BA}.Release|x86.Build.0 = Release|Any CPU
		{93A84833-5B4B-4272-AA8A-B55D24CBEFEB}.Debug|x86.ActiveCfg = Debug|Any CPU
		{93A84833-5B4B-4272-AA8A-B55D24CBEFEB}.Debug|x86.Build.0 = Debug|Any CPU
		{93A84833-5B4B-4272-AA8A-B55D24CBEFEB}.Release|x86.ActiveCfg = Release|Any CPU
		{93A84833-5B4B-4272-AA8A-B55D24CBEFEB}.Release|x86.Build.0 = Release|Any CPU
	EndGlobalSection
EndGlobal
