
Microsoft Visual Studio Solution File, Format Version 12.00
# Visual Studio Version 17
VisualStudioVersion = 17.5.002.0
MinimumVisualStudioVersion = 10.0.40219.1
Project("{9A19103F-16F7-4668-BE54-9A1E7A4F7556}") = "UniversalNameGenerator", "UniversalNameGenerator.csproj", "{2ABE8837-068D-4D3E-A80F-E72FF3E1A7C5}"
EndProject
Global
	GlobalSection(SolutionConfigurationPlatforms) = preSolution
		Debug|Any CPU = Debug|Any CPU
		Release|Any CPU = Release|Any CPU
	EndGlobalSection
	GlobalSection(ProjectConfigurationPlatforms) = postSolution
		{2ABE8837-068D-4D3E-A80F-E72FF3E1A7C5}.Debug|Any CPU.ActiveCfg = Debug|Any CPU
		{2ABE8837-068D-4D3E-A80F-E72FF3E1A7C5}.Debug|Any CPU.Build.0 = Debug|Any CPU
		{2ABE8837-068D-4D3E-A80F-E72FF3E1A7C5}.Release|Any CPU.ActiveCfg = Release|Any CPU
		{2ABE8837-068D-4D3E-A80F-E72FF3E1A7C5}.Release|Any CPU.Build.0 = Release|Any CPU
	EndGlobalSection
	GlobalSection(SolutionProperties) = preSolution
		HideSolutionNode = FALSE
	EndGlobalSection
	GlobalSection(ExtensibilityGlobals) = postSolution
		SolutionGuid = {C9D6578C-CC75-4BE3-B4D0-33AAE66CFD62}
	EndGlobalSection
EndGlobal
